
Microsoft Visual Studio Solution File, Format Version 12.00
# Visual Studio 15
VisualStudioVersion = 15.0.28307.136
MinimumVisualStudioVersion = 10.0.40219.1
Project("{8BC9CEB8-8B4A-11D0-8D11-00A0C91BC942}") = "GameNES", "GameNES\GameNES.vcxproj", "{D4C48922-1FEB-4A66-BF9E-928D5369BEEE}"
EndProject
Global
	GlobalSection(SolutionConfigurationPlatforms) = preSolution
		Debug|x64 = Debug|x64
		Debug|x86 = Debug|x86
		Release|x64 = Release|x64
		Release|x86 = Release|x86
	EndGlobalSection
	GlobalSection(ProjectConfigurationPlatforms) = postSolution
		{D4C48922-1FEB-4A66-BF9E-928D5369BEEE}.Debug|x64.ActiveCfg = Debug|x64
		{D4C48922-1FEB-4A66-BF9E-928D5369BEEE}.Debug|x64.Build.0 = Debug|x64
		{D4C48922-1FEB-4A66-BF9E-928D5369BEEE}.Debug|x86.ActiveCfg = Debug|Win32
		{D4C48922-1FEB-4A66-BF9E-928D5369BEEE}.Debug|x86.Build.0 = Debug|Win32
		{D4C48922-1FEB-4A66-BF9E-928D5369BEEE}.Release|x64.ActiveCfg = Release|x64
		{D4C48922-1FEB-4A66-BF9E-928D5369BEEE}.Release|x64.Build.0 = Release|x64
		{D4C48922-1FEB-4A66-BF9E-928D5369BEEE}.Release|x86.ActiveCfg = Release|Win32
		{D4C48922-1FEB-4A66-BF9E-928D5369BEEE}.Release|x86.Build.0 = Release|Win32
	EndGlobalSection
	GlobalSection(SolutionProperties) = preSolution
		HideSolutionNode = FALSE
	EndGlobalSection
	GlobalSection(ExtensibilityGlobals) = postSolution
		SolutionGuid = {DB01CAFC-44CE-4D25-89D7-DCF0ACC38C36}
	EndGlobalSection
EndGlobal
